
Microsoft Visual Studio Solution File, Format Version 12.00
# Visual Studio 14
VisualStudioVersion = 14.0.25420.1
MinimumVisualStudioVersion = 10.0.40219.1
Project("{FAE04EC0-301F-11D3-BF4B-00C04F79EFBC}") = "StackKata", "StackKata\StackKata.csproj", "{B3D3E7F1-7166-475F-9EFB-D63718E94CA3}"
EndProject
Project("{FAE04EC0-301F-11D3-BF4B-00C04F79EFBC}") = "StackKata.Tests", "StackKata.Tests\StackKata.Tests.csproj", "{CE28552D-BA45-4AF9-A18E-FE904C300FEF}"
EndProject
Global
	GlobalSection(SolutionConfigurationPlatforms) = preSolution
		Debug|Any CPU = Debug|Any CPU
		Release|Any CPU = Release|Any CPU
	EndGlobalSection
	GlobalSection(ProjectConfigurationPlatforms) = postSolution
		{B3D3E7F1-7166-475F-9EFB-D63718E94CA3}.Debug|Any CPU.ActiveCfg = Debug|Any CPU
		{B3D3E7F1-7166-475F-9EFB-D63718E94CA3}.Debug|Any CPU.Build.0 = Debug|Any CPU
		{B3D3E7F1-7166-475F-9EFB-D63718E94CA3}.Release|Any CPU.ActiveCfg = Release|Any CPU
		{B3D3E7F1-7166-475F-9EFB-D63718E94CA3}.Release|Any CPU.Build.0 = Release|Any CPU
		{CE28552D-BA45-4AF9-A18E-FE904C300FEF}.Debug|Any CPU.ActiveCfg = Debug|Any CPU
		{CE28552D-BA45-4AF9-A18E-FE904C300FEF}.Debug|Any CPU.Build.0 = Debug|Any CPU
		{CE28552D-BA45-4AF9-A18E-FE904C300FEF}.Release|Any CPU.ActiveCfg = Release|Any CPU
		{CE28552D-BA45-4AF9-A18E-FE904C300FEF}.Release|Any CPU.Build.0 = Release|Any CPU
	EndGlobalSection
	GlobalSection(SolutionProperties) = preSolution
		HideSolutionNode = FALSE
	EndGlobalSection
EndGlobal
