
Microsoft Visual Studio Solution File, Format Version 12.00
# Visual Studio 14
VisualStudioVersion = 14.0.25420.1
MinimumVisualStudioVersion = 10.0.40219.1
Project("{FAE04EC0-301F-11D3-BF4B-00C04F79EFBC}") = "Lists", "Lists\Lists.csproj", "{B4B6824E-EB89-4839-A693-E5CCDF5EBFE1}"
EndProject
Project("{FAE04EC0-301F-11D3-BF4B-00C04F79EFBC}") = "List.Tests", "List.Tests\List.Tests.csproj", "{47BE1D2B-6657-4C0C-9A87-53C1B4377B9B}"
EndProject
Global
	GlobalSection(SolutionConfigurationPlatforms) = preSolution
		Debug|Any CPU = Debug|Any CPU
		Release|Any CPU = Release|Any CPU
	EndGlobalSection
	GlobalSection(ProjectConfigurationPlatforms) = postSolution
		{B4B6824E-EB89-4839-A693-E5CCDF5EBFE1}.Debug|Any CPU.ActiveCfg = Debug|Any CPU
		{B4B6824E-EB89-4839-A693-E5CCDF5EBFE1}.Debug|Any CPU.Build.0 = Debug|Any CPU
		{B4B6824E-EB89-4839-A693-E5CCDF5EBFE1}.Release|Any CPU.ActiveCfg = Release|Any CPU
		{B4B6824E-EB89-4839-A693-E5CCDF5EBFE1}.Release|Any CPU.Build.0 = Release|Any CPU
		{47BE1D2B-6657-4C0C-9A87-53C1B4377B9B}.Debug|Any CPU.ActiveCfg = Debug|Any CPU
		{47BE1D2B-6657-4C0C-9A87-53C1B4377B9B}.Debug|Any CPU.Build.0 = Debug|Any CPU
		{47BE1D2B-6657-4C0C-9A87-53C1B4377B9B}.Release|Any CPU.ActiveCfg = Release|Any CPU
		{47BE1D2B-6657-4C0C-9A87-53C1B4377B9B}.Release|Any CPU.Build.0 = Release|Any CPU
	EndGlobalSection
	GlobalSection(SolutionProperties) = preSolution
		HideSolutionNode = FALSE
	EndGlobalSection
EndGlobal
